// !$*UTF8*$!
{
	archiveVersion = 1;
	classes = {
	};
	objectVersion = 48;
	objects = {

/* Begin PBXBuildFile section */
		9381520C1F8412A5004974F6 /* main.m in Sources */ = {isa = PBXBuildFile; fileRef = 9381520B1F8412A5004974F6 /* main.m */; };
		938152141F8412C5004974F6 /* Question.m in Sources */ = {isa = PBXBuildFile; fileRef = 938152131F8412C5004974F6 /* Question.m */; };
		938152171F8412E6004974F6 /* ScoreKeeper.m in Sources */ = {isa = PBXBuildFile; fileRef = 938152161F8412E6004974F6 /* ScoreKeeper.m */; };
		938152201F856098004974F6 /* QuestionManager.m in Sources */ = {isa = PBXBuildFile; fileRef = 9381521F1F856098004974F6 /* QuestionManager.m */; };
		938152231F856B1A004974F6 /* AdditionQuestion.m in Sources */ = {isa = PBXBuildFile; fileRef = 938152221F856B1A004974F6 /* AdditionQuestion.m */; };
		938152261F856D24004974F6 /* QuestionFactory.m in Sources */ = {isa = PBXBuildFile; fileRef = 938152251F856D24004974F6 /* QuestionFactory.m */; };
		938152291F856E47004974F6 /* SubtractionQuestion.m in Sources */ = {isa = PBXBuildFile; fileRef = 938152281F856E47004974F6 /* SubtractionQuestion.m */; };
/* End PBXBuildFile section */

/* Begin PBXCopyFilesBuildPhase section */
		938152061F8412A5004974F6 /* CopyFiles */ = {
			isa = PBXCopyFilesBuildPhase;
			buildActionMask = 2147483647;
			dstPath = /usr/share/man/man1/;
			dstSubfolderSpec = 0;
			files = (
			);
			runOnlyForDeploymentPostprocessing = 1;
		};
/* End PBXCopyFilesBuildPhase section */

/* Begin PBXFileReference section */
		938152081F8412A5004974F6 /* MathsGame */ = {isa = PBXFileReference; explicitFileType = "compiled.mach-o.executable"; includeInIndex = 0; path = MathsGame; sourceTree = BUILT_PRODUCTS_DIR; };
		9381520B1F8412A5004974F6 /* main.m */ = {isa = PBXFileReference; lastKnownFileType = sourcecode.c.objc; path = main.m; sourceTree = "<group>"; };
		938152121F8412C5004974F6 /* Question.h */ = {isa = PBXFileReference; lastKnownFileType = sourcecode.c.h; path = Question.h; sourceTree = "<group>"; };
		938152131F8412C5004974F6 /* Question.m */ = {isa = PBXFileReference; lastKnownFileType = sourcecode.c.objc; path = Question.m; sourceTree = "<group>"; };
		938152151F8412E6004974F6 /* ScoreKeeper.h */ = {isa = PBXFileReference; lastKnownFileType = sourcecode.c.h; path = ScoreKeeper.h; sourceTree = "<group>"; };
		938152161F8412E6004974F6 /* ScoreKeeper.m */ = {isa = PBXFileReference; lastKnownFileType = sourcecode.c.objc; path = ScoreKeeper.m; sourceTree = "<group>"; };
		9381521E1F856098004974F6 /* QuestionManager.h */ = {isa = PBXFileReference; lastKnownFileType = sourcecode.c.h; path = QuestionManager.h; sourceTree = "<group>"; };
		9381521F1F856098004974F6 /* QuestionManager.m */ = {isa = PBXFileReference; lastKnownFileType = sourcecode.c.objc; path = QuestionManager.m; sourceTree = "<group>"; };
		938152211F856B1A004974F6 /* AdditionQuestion.h */ = {isa = PBXFileReference; lastKnownFileType = sourcecode.c.h; path = AdditionQuestion.h; sourceTree = "<group>"; };
		938152221F856B1A004974F6 /* AdditionQuestion.m */ = {isa = PBXFileReference; lastKnownFileType = sourcecode.c.objc; path = AdditionQuestion.m; sourceTree = "<group>"; };
		938152241F856D24004974F6 /* QuestionFactory.h */ = {isa = PBXFileReference; lastKnownFileType = sourcecode.c.h; path = QuestionFactory.h; sourceTree = "<group>"; };
		938152251F856D24004974F6 /* QuestionFactory.m */ = {isa = PBXFileReference; lastKnownFileType = sourcecode.c.objc; path = QuestionFactory.m; sourceTree = "<group>"; };
		938152271F856E47004974F6 /* SubtractionQuestion.h */ = {isa = PBXFileReference; lastKnownFileType = sourcecode.c.h; path = SubtractionQuestion.h; sourceTree = "<group>"; };
		938152281F856E47004974F6 /* SubtractionQuestion.m */ = {isa = PBXFileReference; lastKnownFileType = sourcecode.c.objc; path = SubtractionQuestion.m; sourceTree = "<group>"; };
/* End PBXFileReference section */

/* Begin PBXFrameworksBuildPhase section */
		938152051F8412A5004974F6 /* Frameworks */ = {
			isa = PBXFrameworksBuildPhase;
			buildActionMask = 2147483647;
			files = (
			);
			runOnlyForDeploymentPostprocessing = 0;
		};
/* End PBXFrameworksBuildPhase section */

/* Begin PBXGroup section */
		938151FF1F8412A5004974F6 = {
			isa = PBXGroup;
			children = (
				9381520A1F8412A5004974F6 /* MathsGame */,
				938152091F8412A5004974F6 /* Products */,
			);
			sourceTree = "<group>";
		};
		938152091F8412A5004974F6 /* Products */ = {
			isa = PBXGroup;
			children = (
				938152081F8412A5004974F6 /* MathsGame */,
			);
			name = Products;
			sourceTree = "<group>";
		};
		9381520A1F8412A5004974F6 /* MathsGame */ = {
			isa = PBXGroup;
			children = (
				9381520B1F8412A5004974F6 /* main.m */,
				938152121F8412C5004974F6 /* Question.h */,
				938152241F856D24004974F6 /* QuestionFactory.h */,
				938152251F856D24004974F6 /* QuestionFactory.m */,
				938152271F856E47004974F6 /* SubtractionQuestion.h */,
				938152281F856E47004974F6 /* SubtractionQuestion.m */,
				938152131F8412C5004974F6 /* Question.m */,
				938152211F856B1A004974F6 /* AdditionQuestion.h */,
				938152221F856B1A004974F6 /* AdditionQuestion.m */,
				9381521E1F856098004974F6 /* QuestionManager.h */,
				9381521F1F856098004974F6 /* QuestionManager.m */,
				938152151F8412E6004974F6 /* ScoreKeeper.h */,
				938152161F8412E6004974F6 /* ScoreKeeper.m */,
			);
			path = MathsGame;
			sourceTree = "<group>";
		};
/* End PBXGroup section */

/* Begin PBXNativeTarget section */
		938152071F8412A5004974F6 /* MathsGame */ = {
			isa = PBXNativeTarget;
			buildConfigurationList = 9381520F1F8412A5004974F6 /* Build configuration list for PBXNativeTarget "MathsGame" */;
			buildPhases = (
				938152041F8412A5004974F6 /* Sources */,
				938152051F8412A5004974F6 /* Frameworks */,
				938152061F8412A5004974F6 /* CopyFiles */,
			);
			buildRules = (
			);
			dependencies = (
			);
			name = MathsGame;
			productName = MathsGame;
			productReference = 938152081F8412A5004974F6 /* MathsGame */;
			productType = "com.apple.product-type.tool";
		};
/* End PBXNativeTarget section */

/* Begin PBXProject section */
		938152001F8412A5004974F6 /* Project object */ = {
			isa = PBXProject;
			attributes = {
				LastUpgradeCheck = 0900;
				ORGANIZATIONNAME = "Aaron Johnson";
				TargetAttributes = {
					938152071F8412A5004974F6 = {
						CreatedOnToolsVersion = 9.0;
						ProvisioningStyle = Automatic;
					};
				};
			};
			buildConfigurationList = 938152031F8412A5004974F6 /* Build configuration list for PBXProject "MathsGame" */;
			compatibilityVersion = "Xcode 8.0";
			developmentRegion = en;
			hasScannedForEncodings = 0;
			knownRegions = (
				en,
			);
			mainGroup = 938151FF1F8412A5004974F6;
			productRefGroup = 938152091F8412A5004974F6 /* Products */;
			projectDirPath = "";
			projectRoot = "";
			targets = (
				938152071F8412A5004974F6 /* MathsGame */,
			);
		};
/* End PBXProject section */

/* Begin PBXSourcesBuildPhase section */
		938152041F8412A5004974F6 /* Sources */ = {
			isa = PBXSourcesBuildPhase;
			buildActionMask = 2147483647;
			files = (
				938152261F856D24004974F6 /* QuestionFactory.m in Sources */,
				938152171F8412E6004974F6 /* ScoreKeeper.m in Sources */,
				938152291F856E47004974F6 /* SubtractionQuestion.m in Sources */,
				9381520C1F8412A5004974F6 /* main.m in Sources */,
				938152141F8412C5004974F6 /* Question.m in Sources */,
				938152231F856B1A004974F6 /* AdditionQuestion.m in Sources */,
				938152201F856098004974F6 /* QuestionManager.m in Sources */,
			);
			runOnlyForDeploymentPostprocessing = 0;
		};
/* End PBXSourcesBuildPhase section */

/* Begin XCBuildConfiguration section */
		9381520D1F8412A5004974F6 /* Debug */ = {
			isa = XCBuildConfiguration;
			buildSettings = {
				ALWAYS_SEARCH_USER_PATHS = NO;
				CLANG_ANALYZER_NONNULL = YES;
				CLANG_ANALYZER_NUMBER_OBJECT_CONVERSION = YES_AGGRESSIVE;
				CLANG_CXX_LANGUAGE_STANDARD = "gnu++14";
				CLANG_CXX_LIBRARY = "libc++";
				CLANG_ENABLE_MODULES = YES;
				CLANG_ENABLE_OBJC_ARC = YES;
				CLANG_WARN_BLOCK_CAPTURE_AUTORELEASING = YES;
				CLANG_WARN_BOOL_CONVERSION = YES;
				CLANG_WARN_COMMA = YES;
				CLANG_WARN_CONSTANT_CONVERSION = YES;
				CLANG_WARN_DIRECT_OBJC_ISA_USAGE = YES_ERROR;
				CLANG_WARN_DOCUMENTATION_COMMENTS = YES;
				CLANG_WARN_EMPTY_BODY = YES;
				CLANG_WARN_ENUM_CONVERSION = YES;
				CLANG_WARN_INFINITE_RECURSION = YES;
				CLANG_WARN_INT_CONVERSION = YES;
				CLANG_WARN_NON_LITERAL_NULL_CONVERSION = YES;
				CLANG_WARN_OBJC_LITERAL_CONVERSION = YES;
				CLANG_WARN_OBJC_ROOT_CLASS = YES_ERROR;
				CLANG_WARN_RANGE_LOOP_ANALYSIS = YES;
				CLANG_WARN_STRICT_PROTOTYPES = YES;
				CLANG_WARN_SUSPICIOUS_MOVE = YES;
				CLANG_WARN_UNGUARDED_AVAILABILITY = YES_AGGRESSIVE;
				CLANG_WARN_UNREACHABLE_CODE = YES;
				CLANG_WARN__DUPLICATE_METHOD_MATCH = YES;
				CODE_SIGN_IDENTITY = "-";
				COPY_PHASE_STRIP = NO;
				DEBUG_INFORMATION_FORMAT = dwarf;
				ENABLE_STRICT_OBJC_MSGSEND = YES;
				ENABLE_TESTABILITY = YES;
				GCC_C_LANGUAGE_STANDARD = gnu11;
				GCC_DYNAMIC_NO_PIC = NO;
				GCC_NO_COMMON_BLOCKS = YES;
				GCC_OPTIMIZATION_LEVEL = 0;
				GCC_PREPROCESSOR_DEFINITIONS = (
					"DEBUG=1",
					"$(inherited)",
				);
				GCC_WARN_64_TO_32_BIT_CONVERSION = YES;
				GCC_WARN_ABOUT_RETURN_TYPE = YES_ERROR;
				GCC_WARN_UNDECLARED_SELECTOR = YES;
				GCC_WARN_UNINITIALIZED_AUTOS = YES_AGGRESSIVE;
				GCC_WARN_UNUSED_FUNCTION = YES;
				GCC_WARN_UNUSED_VARIABLE = YES;
				MACOSX_DEPLOYMENT_TARGET = 10.12;
				MTL_ENABLE_DEBUG_INFO = YES;
				ONLY_ACTIVE_ARCH = YES;
				SDKROOT = macosx;
			};
			name = Debug;
		};
		9381520E1F8412A5004974F6 /* Release */ = {
			isa = XCBuildConfiguration;
			buildSettings = {
				ALWAYS_SEARCH_USER_PATHS = NO;
				CLANG_ANALYZER_NONNULL = YES;
				CLANG_ANALYZER_NUMBER_OBJECT_CONVERSION = YES_AGGRESSIVE;
				CLANG_CXX_LANGUAGE_STANDARD = "gnu++14";
				CLANG_CXX_LIBRARY = "libc++";
				CLANG_ENABLE_MODULES = YES;
				CLANG_ENABLE_OBJC_ARC = YES;
				CLANG_WARN_BLOCK_CAPTURE_AUTORELEASING = YES;
				CLANG_WARN_BOOL_CONVERSION = YES;
				CLANG_WARN_COMMA = YES;
				CLANG_WARN_CONSTANT_CONVERSION = YES;
				CLANG_WARN_DIRECT_OBJC_ISA_USAGE = YES_ERROR;
				CLANG_WARN_DOCUMENTATION_COMMENTS = YES;
				CLANG_WARN_EMPTY_BODY = YES;
				CLANG_WARN_ENUM_CONVERSION = YES;
				CLANG_WARN_INFINITE_RECURSION = YES;
				CLANG_WARN_INT_CONVERSION = YES;
				CLANG_WARN_NON_LITERAL_NULL_CONVERSION = YES;
				CLANG_WARN_OBJC_LITERAL_CONVERSION = YES;
				CLANG_WARN_OBJC_ROOT_CLASS = YES_ERROR;
				CLANG_WARN_RANGE_LOOP_ANALYSIS = YES;
				CLANG_WARN_STRICT_PROTOTYPES = YES;
				CLANG_WARN_SUSPICIOUS_MOVE = YES;
				CLANG_WARN_UNGUARDED_AVAILABILITY = YES_AGGRESSIVE;
				CLANG_WARN_UNREACHABLE_CODE = YES;
				CLANG_WARN__DUPLICATE_METHOD_MATCH = YES;
				CODE_SIGN_IDENTITY = "-";
				COPY_PHASE_STRIP = NO;
				DEBUG_INFORMATION_FORMAT = "dwarf-with-dsym";
				ENABLE_NS_ASSERTIONS = NO;
				ENABLE_STRICT_OBJC_MSGSEND = YES;
				GCC_C_LANGUAGE_STANDARD = gnu11;
				GCC_NO_COMMON_BLOCKS = YES;
				GCC_WARN_64_TO_32_BIT_CONVERSION = YES;
				GCC_WARN_ABOUT_RETURN_TYPE = YES_ERROR;
				GCC_WARN_UNDECLARED_SELECTOR = YES;
				GCC_WARN_UNINITIALIZED_AUTOS = YES_AGGRESSIVE;
				GCC_WARN_UNUSED_FUNCTION = YES;
				GCC_WARN_UNUSED_VARIABLE = YES;
				MACOSX_DEPLOYMENT_TARGET = 10.12;
				MTL_ENABLE_DEBUG_INFO = NO;
				SDKROOT = macosx;
			};
			name = Release;
		};
		938152101F8412A5004974F6 /* Debug */ = {
			isa = XCBuildConfiguration;
			buildSettings = {
				CODE_SIGN_STYLE = Automatic;
				PRODUCT_NAME = "$(TARGET_NAME)";
			};
			name = Debug;
		};
		938152111F8412A5004974F6 /* Release */ = {
			isa = XCBuildConfiguration;
			buildSettings = {
				CODE_SIGN_STYLE = Automatic;
				PRODUCT_NAME = "$(TARGET_NAME)";
			};
			name = Release;
		};
/* End XCBuildConfiguration section */

/* Begin XCConfigurationList section */
		938152031F8412A5004974F6 /* Build configuration list for PBXProject "MathsGame" */ = {
			isa = XCConfigurationList;
			buildConfigurations = (
				9381520D1F8412A5004974F6 /* Debug */,
				9381520E1F8412A5004974F6 /* Release */,
			);
			defaultConfigurationIsVisible = 0;
			defaultConfigurationName = Release;
		};
		9381520F1F8412A5004974F6 /* Build configuration list for PBXNativeTarget "MathsGame" */ = {
			isa = XCConfigurationList;
			buildConfigurations = (
				938152101F8412A5004974F6 /* Debug */,
				938152111F8412A5004974F6 /* Release */,
			);
			defaultConfigurationIsVisible = 0;
			defaultConfigurationName = Release;
		};
/* End XCConfigurationList section */
	};
	rootObject = 938152001F8412A5004974F6 /* Project object */;
}
